
Microsoft Visual Studio Solution File, Format Version 12.00
# Visual Studio Version 16
VisualStudioVersion = 16.0.28315.86
MinimumVisualStudioVersion = 10.0.40219.1
Project("{FAE04EC0-301F-11D3-BF4B-00C04F79EFBC}") = "WinFormsUI", "O:\Eigene Dokumente\Visual Studio 2019\External_Projects\dockpanelsuite-master\WinFormsUI\WinFormsUI.csproj", "{C75532C4-765B-418E-B09B-46D36B2ABDB1}"
EndProject
Project("{FAE04EC0-301F-11D3-BF4B-00C04F79EFBC}") = "ThemeVS2013", "O:\Eigene Dokumente\Visual Studio 2019\External_Projects\dockpanelsuite-master\WinFormsUI\ThemeVS2013.csproj", "{245E07F6-10D5-4CFA-B003-0DEB06B223DA}"
EndProject
Project("{FAE04EC0-301F-11D3-BF4B-00C04F79EFBC}") = "ThemeVS2012", "O:\Eigene Dokumente\Visual Studio 2019\External_Projects\dockpanelsuite-master\WinFormsUI\ThemeVS2012.csproj", "{4ED4FDB5-9FD0-49E6-876D-1635F727C755}"
EndProject
Project("{FAE04EC0-301F-11D3-BF4B-00C04F79EFBC}") = "ThemeVS2003", "O:\Eigene Dokumente\Visual Studio 2019\External_Projects\dockpanelsuite-master\WinFormsUI\ThemeVS2003.csproj", "{719F0F69-66DA-438D-B5BB-2D883EF4ACE2}"
EndProject
Project("{FAE04EC0-301F-11D3-BF4B-00C04F79EFBC}") = "ThemeVS2005Multithreading", "O:\Eigene Dokumente\Visual Studio 2019\External_Projects\dockpanelsuite-master\WinFormsUI\ThemeVS2005Multithreading.csproj", "{01B09009-BD30-47F2-B318-4B583D606C61}"
EndProject
Project("{FAE04EC0-301F-11D3-BF4B-00C04F79EFBC}") = "ThemeVS2015", "O:\Eigene Dokumente\Visual Studio 2019\External_Projects\dockpanelsuite-master\WinFormsUI\ThemeVS2015.csproj", "{007D4AC8-948F-4816-86AD-B9D1343672C1}"
EndProject
Project("{2150E333-8FDC-42A3-9474-1A3956D46DE8}") = "Themes", "Themes", "{91DA877F-E437-42C9-8FE5-E3709721BB8B}"
EndProject
Project("{FAE04EC0-301F-11D3-BF4B-00C04F79EFBC}") = "ThemeVS2005", "O:\Eigene Dokumente\Visual Studio 2019\External_Projects\dockpanelsuite-master\WinFormsUI\ThemeVS2005.csproj", "{B51EC09A-F8BE-4B5A-BD07-0F4489075A00}"
EndProject
Project("{2150E333-8FDC-42A3-9474-1A3956D46DE8}") = "WinFormsUIDocking", "WinFormsUIDocking", "{F02D5508-DB8B-47E1-B202-35B8C6C1744A}"
EndProject
Project("{F184B08F-C81C-45F6-A57F-5ABD9991F28F}") = "CSTool", "CSTool\CSTool.vbproj", "{5B6DEF5F-F3BC-4015-A4C2-A6EA24F31932}"
	ProjectSection(ProjectDependencies) = postProject
		{A94A5908-1C55-45F9-B162-9BF2549AEBAA} = {A94A5908-1C55-45F9-B162-9BF2549AEBAA}
		{506B2309-0599-4C0C-9F42-D5F1DD72A159} = {506B2309-0599-4C0C-9F42-D5F1DD72A159}
		{DF773209-5797-4581-B299-BC57D29189E3} = {DF773209-5797-4581-B299-BC57D29189E3}
		{6BAC4415-9CC9-4AD9-812C-6D4158B9D731} = {6BAC4415-9CC9-4AD9-812C-6D4158B9D731}
		{B5439915-2590-435F-A522-6E1CCD094C4D} = {B5439915-2590-435F-A522-6E1CCD094C4D}
		{42078D1E-000A-49E0-A57C-4E3A4C26B4CB} = {42078D1E-000A-49E0-A57C-4E3A4C26B4CB}
		{FA7BD130-7B01-4682-BEB4-52D2D9D6F804} = {FA7BD130-7B01-4682-BEB4-52D2D9D6F804}
		{9D44073E-4FF9-43FF-A7D3-83102EC44E83} = {9D44073E-4FF9-43FF-A7D3-83102EC44E83}
		{D8DE7147-DA82-4FD4-BD19-C4D1C9E008BD} = {D8DE7147-DA82-4FD4-BD19-C4D1C9E008BD}
		{DD07BF4F-F0D2-494D-8086-3458457E3504} = {DD07BF4F-F0D2-494D-8086-3458457E3504}
		{B4FFA451-8868-4900-89D3-659C76FD12E7} = {B4FFA451-8868-4900-89D3-659C76FD12E7}
		{4E00CE6F-6AE5-47F7-891C-61E7DB8E5272} = {4E00CE6F-6AE5-47F7-891C-61E7DB8E5272}
		{0B6AD670-990D-4F6D-BAA8-60F25522E2FB} = {0B6AD670-990D-4F6D-BAA8-60F25522E2FB}
		{0C35437B-14B5-4F46-8FB6-34EB59479C3D} = {0C35437B-14B5-4F46-8FB6-34EB59479C3D}
		{FD0D6D7B-2CE4-4AE1-87AF-B203E2127753} = {FD0D6D7B-2CE4-4AE1-87AF-B203E2127753}
		{4652887D-ACE6-49AF-8AC4-EB13242B1BBA} = {4652887D-ACE6-49AF-8AC4-EB13242B1BBA}
		{D46EF48E-94F4-4717-9EF4-419EE3B43291} = {D46EF48E-94F4-4717-9EF4-419EE3B43291}
		{59D5098F-9353-4730-839D-199B9595641E} = {59D5098F-9353-4730-839D-199B9595641E}
		{696ED794-189B-4F10-8790-C61F27BBEBA2} = {696ED794-189B-4F10-8790-C61F27BBEBA2}
		{CC52AA97-5749-407A-913F-67732187D1CA} = {CC52AA97-5749-407A-913F-67732187D1CA}
		{E9BD6AA9-0431-4F55-BAA1-E46895203379} = {E9BD6AA9-0431-4F55-BAA1-E46895203379}
		{B05702B0-F857-4030-A21A-6594538597C9} = {B05702B0-F857-4030-A21A-6594538597C9}
		{3CB5F0C1-9638-4611-9CF8-ADAD9B5CD73A} = {3CB5F0C1-9638-4611-9CF8-ADAD9B5CD73A}
		{AFDF8BCE-B55E-4C28-BC4B-23DD3CC61D62} = {AFDF8BCE-B55E-4C28-BC4B-23DD3CC61D62}
		{5188A3D3-CAAC-4A3E-AE2F-04C9E10C4CCD} = {5188A3D3-CAAC-4A3E-AE2F-04C9E10C4CCD}
		{3935C4D7-6F45-4CFD-8E62-4A4B45231507} = {3935C4D7-6F45-4CFD-8E62-4A4B45231507}
		{B45FF8DC-3118-45ED-AD64-9A7D11A6DF42} = {B45FF8DC-3118-45ED-AD64-9A7D11A6DF42}
		{3C4EF0E4-76CD-42A8-B3F9-824315E872CA} = {3C4EF0E4-76CD-42A8-B3F9-824315E872CA}
		{52F811EA-55D2-4375-B177-A93D76E72BE0} = {52F811EA-55D2-4375-B177-A93D76E72BE0}
		{E25E7AF3-C307-47A7-85C0-690B87A8AAE2} = {E25E7AF3-C307-47A7-85C0-690B87A8AAE2}
		{178D98FE-7C9E-4619-BFD7-4B2B3C89DFF9} = {178D98FE-7C9E-4619-BFD7-4B2B3C89DFF9}
		{FEC45AFF-8001-4ACC-92F4-3CD06B89949A} = {FEC45AFF-8001-4ACC-92F4-3CD06B89949A}
	EndProjectSection
EndProject
Project("{F184B08F-C81C-45F6-A57F-5ABD9991F28F}") = "CSToolHostWindow", "CSToolHostWindow\CSToolHostWindow.vbproj", "{6BAC4415-9CC9-4AD9-812C-6D4158B9D731}"
EndProject
Project("{F184B08F-C81C-45F6-A57F-5ABD9991F28F}") = "CSToolPluginLib", "CSToolPluginLib\CSToolPluginLib.vbproj", "{52F811EA-55D2-4375-B177-A93D76E72BE0}"
EndProject
Project("{F184B08F-C81C-45F6-A57F-5ABD9991F28F}") = "WMIClientInfoPlugin", "WMIClientInfoPlugin\WMIClientInfoPlugin.vbproj", "{0C35437B-14B5-4F46-8FB6-34EB59479C3D}"
EndProject
Project("{F184B08F-C81C-45F6-A57F-5ABD9991F28F}") = "CSToolApplicationSettingsLib", "CSToolApplicationSettingsLib\CSToolApplicationSettingsLib.vbproj", "{EDE9DFBD-E2B2-4B14-A493-0ED999E9094A}"
EndProject
Project("{F184B08F-C81C-45F6-A57F-5ABD9991F28F}") = "CSToolUserSettingsLib", "CSToolUserSettingsLib\CSToolUserSettingsLib.vbproj", "{0BFE04E6-071C-4624-AD64-5898B4C19681}"
EndProject
Project("{F184B08F-C81C-45F6-A57F-5ABD9991F28F}") = "CSToolUserSettingsManager", "CSToolUserSettingsManager\CSToolUserSettingsManager.vbproj", "{750FD8A4-3E8E-435C-AE22-7A44F08E977A}"
EndProject
Project("{F184B08F-C81C-45F6-A57F-5ABD9991F28F}") = "CSToolApplicationSettingsManager", "CSToolApplicationSettingsManager\CSToolApplicationSettingsManager.vbproj", "{A6AFF011-B72D-43EC-86B2-F0C9359015C9}"
EndProject
Project("{FAE04EC0-301F-11D3-BF4B-00C04F79EFBC}") = "ExListView", "O:\Eigene Dokumente\Visual Studio 2015\Projects\NetworkWatcher.NET\ExListView\ExListView.csproj", "{D8641DB7-E514-4BEA-B694-DE01E26D82F2}"
EndProject
Project("{F184B08F-C81C-45F6-A57F-5ABD9991F28F}") = "CSToolLogLib", "CSToolLogLib\CSToolLogLib.vbproj", "{DF373DBF-733E-4E4D-8335-3D6D5FE447B2}"
EndProject
Project("{F184B08F-C81C-45F6-A57F-5ABD9991F28F}") = "CSToolWindowManager", "CSToolWindowManager\CSToolWindowManager.vbproj", "{64C88D9D-8B0C-4CCD-95D0-88656E17590A}"
EndProject
Project("{F184B08F-C81C-45F6-A57F-5ABD9991F28F}") = "CSToolPluginHelper", "CSToolPluginHelper\CSToolPluginHelper.vbproj", "{0B6AD670-990D-4F6D-BAA8-60F25522E2FB}"
EndProject
Project("{F184B08F-C81C-45F6-A57F-5ABD9991F28F}") = "CSToolWindowsCredentialHelper", "CSToolWindowsCredentialHelper\CSToolWindowsCredentialHelper.vbproj", "{5C70A093-F440-4646-ADF7-9A95F2C2E548}"
EndProject
Project("{F184B08F-C81C-45F6-A57F-5ABD9991F28F}") = "RTFNotepadPlugin", "NotepadPlugin\RTFNotepadPlugin.vbproj", "{AFDF8BCE-B55E-4C28-BC4B-23DD3CC61D62}"
EndProject
Project("{2150E333-8FDC-42A3-9474-1A3956D46DE8}") = "GUIPlugins", "GUIPlugins", "{02F006E5-5E73-4A76-836D-2384F34F47E6}"
EndProject
Project("{2150E333-8FDC-42A3-9474-1A3956D46DE8}") = "ExternalControls", "ExternalControls", "{7CC1B5B0-3F0C-4719-A936-AE809DC46DB2}"
EndProject
Project("{2150E333-8FDC-42A3-9474-1A3956D46DE8}") = "EnvironmentPlugins", "EnvironmentPlugins", "{48EA220B-93D3-44DF-A2D3-ADBA68A002CD}"
EndProject
Project("{F184B08F-C81C-45F6-A57F-5ABD9991F28F}") = "GeneralRuntimeEnvironmentPlugin", "GeneralRuntimeEnvironmentPlugin\GeneralRuntimeEnvironmentPlugin.vbproj", "{CC52AA97-5749-407A-913F-67732187D1CA}"
EndProject
Project("{F184B08F-C81C-45F6-A57F-5ABD9991F28F}") = "CustomRuntimeEnvironmentVariablesPlugin", "CustomRuntimeEnvironmentVariablesPlugin\CustomRuntimeEnvironmentVariablesPlugin.vbproj", "{3935C4D7-6F45-4CFD-8E62-4A4B45231507}"
EndProject
Project("{F184B08F-C81C-45F6-A57F-5ABD9991F28F}") = "VNCEnvironmentPlugin", "VNCEnvironmentPlugin\VNCEnvironmentPlugin.vbproj", "{B45FF8DC-3118-45ED-AD64-9A7D11A6DF42}"
EndProject
Project("{F184B08F-C81C-45F6-A57F-5ABD9991F28F}") = "WMIClientActionsPlugin", "WMIClientActionsPlugin\WMIClientActionsPlugin.vbproj", "{B4FFA451-8868-4900-89D3-659C76FD12E7}"
EndProject
Project("{F184B08F-C81C-45F6-A57F-5ABD9991F28F}") = "LDAPUserInfoPlugin", "LDAPUserInfoPlugin\LDAPUserInfoPlugin.vbproj", "{B05702B0-F857-4030-A21A-6594538597C9}"
EndProject
Project("{2150E333-8FDC-42A3-9474-1A3956D46DE8}") = "CredentialPlugins", "CredentialPlugins", "{5168DD99-C8CB-4A51-93DF-4BE41245D8EF}"
EndProject
Project("{F184B08F-C81C-45F6-A57F-5ABD9991F28F}") = "SupportAdministrativeCredentialPlugin", "SupportAdministrativeCredentialPlugin\SupportAdministrativeCredentialPlugin.vbproj", "{A94A5908-1C55-45F9-B162-9BF2549AEBAA}"
EndProject
Project("{F184B08F-C81C-45F6-A57F-5ABD9991F28F}") = "CSToolEnvironmentManager", "CSToolEnvironmentManager\CSToolEnvironmentManager.vbproj", "{7809B2C0-3EE5-4983-9FEF-A11479AAFD99}"
EndProject
Project("{F184B08F-C81C-45F6-A57F-5ABD9991F28F}") = "SystemRuntimeEnvironmentVariablesPlugin", "SystemRuntimeEnvironmentVariablesPlugin\SystemRuntimeEnvironmentVariablesPlugin.vbproj", "{9D44073E-4FF9-43FF-A7D3-83102EC44E83}"
EndProject
Project("{F184B08F-C81C-45F6-A57F-5ABD9991F28F}") = "CSToolWMIHelper", "CSToolWMIHelper\CSToolWMIHelper.vbproj", "{9ED8DBB2-B501-4797-8CE1-04DDDAD6EF8C}"
EndProject
Project("{F184B08F-C81C-45F6-A57F-5ABD9991F28F}") = "CSToolPingHelper", "CSToolPingHelper\CSToolPingHelper.vbproj", "{2F8AD7CB-F746-4972-A5C6-72BFF1A51809}"
EndProject
Project("{F184B08F-C81C-45F6-A57F-5ABD9991F28F}") = "SpecialCharEnvironmentPlugin", "SpecialCharEnvironmentPlugin\SpecialCharEnvironmentPlugin.vbproj", "{E9BD6AA9-0431-4F55-BAA1-E46895203379}"
EndProject
Project("{F184B08F-C81C-45F6-A57F-5ABD9991F28F}") = "SequentialPingClientPlugin", "SequentialPingClientPlugin\SequentialPingClientPlugin.vbproj", "{DD07BF4F-F0D2-494D-8086-3458457E3504}"
EndProject
Project("{F184B08F-C81C-45F6-A57F-5ABD9991F28F}") = "CSToolWindowSearcherHelper", "CSToolWindowSearcherHelper\CSToolWindowSearcherHelper.vbproj", "{4E00CE6F-6AE5-47F7-891C-61E7DB8E5272}"
EndProject
Project("{F184B08F-C81C-45F6-A57F-5ABD9991F28F}") = "CSToolSendKeysHelper", "CSToolSendKeysHelper\CSToolSendKeysHelper.vbproj", "{3C4EF0E4-76CD-42A8-B3F9-824315E872CA}"
EndProject
Project("{F184B08F-C81C-45F6-A57F-5ABD9991F28F}") = "CSToolMessageBoxEx", "CSToolMessageBoxEx\CSToolMessageBoxEx.vbproj", "{696ED794-189B-4F10-8790-C61F27BBEBA2}"
EndProject
Project("{F184B08F-C81C-45F6-A57F-5ABD9991F28F}") = "CSToolCryptHelper", "CSToolCryptHelper\CSToolCryptHelper.vbproj", "{DF773209-5797-4581-B299-BC57D29189E3}"
EndProject
Project("{F184B08F-C81C-45F6-A57F-5ABD9991F28F}") = "IEBrowserPlugin", "IEBrowserPlugin\IEBrowserPlugin.vbproj", "{D8DE7147-DA82-4FD4-BD19-C4D1C9E008BD}"
EndProject
Project("{F184B08F-C81C-45F6-A57F-5ABD9991F28F}") = "VNCCredentialPlugin", "VNCCredentialPlugin\VNCCredentialPlugin.vbproj", "{506B2309-0599-4C0C-9F42-D5F1DD72A159}"
EndProject
Project("{F184B08F-C81C-45F6-A57F-5ABD9991F28F}") = "ChromiumBrowserPlugin", "ChromiumBrowserPlugin\ChromiumBrowserPlugin.vbproj", "{B5439915-2590-435F-A522-6E1CCD094C4D}"
EndProject
Project("{2150E333-8FDC-42A3-9474-1A3956D46DE8}") = "Solution Items", "Solution Items", "{774C89C5-856E-4343-9211-FC738C70767F}"
EndProject
Project("{F184B08F-C81C-45F6-A57F-5ABD9991F28F}") = "WindowIntegratorPlugin", "WindowIntegratorPlugin\WindowIntegratorPlugin.vbproj", "{5188A3D3-CAAC-4A3E-AE2F-04C9E10C4CCD}"
EndProject
Project("{F184B08F-C81C-45F6-A57F-5ABD9991F28F}") = "RDPClientPlugin", "RDPClientPlugin\RDPClientPlugin.vbproj", "{E25E7AF3-C307-47A7-85C0-690B87A8AAE2}"
EndProject
Project("{F184B08F-C81C-45F6-A57F-5ABD9991F28F}") = "SCCMCollectionManagerPlugin", "SCCMCollectionManagerPlugin\SCCMCollectionManagerPlugin.vbproj", "{FEC45AFF-8001-4ACC-92F4-3CD06B89949A}"
EndProject
Project("{F184B08F-C81C-45F6-A57F-5ABD9991F28F}") = "RDPCredentialPlugin", "RDPCredentialPlugin\RDPCredentialPlugin.vbproj", "{3CB5F0C1-9638-4611-9CF8-ADAD9B5CD73A}"
EndProject
Project("{F184B08F-C81C-45F6-A57F-5ABD9991F28F}") = "MMCPlugin", "MMCPlugin\MMCPlugin.vbproj", "{F00EC180-E2BC-4CC3-9BC1-57CC51A49B7F}"
EndProject
Project("{F184B08F-C81C-45F6-A57F-5ABD9991F28F}") = "WebViewEdgeHTMLBrowserPlugin", "WebViewBrowserPlugin\WebViewEdgeHTMLBrowserPlugin.vbproj", "{4652887D-ACE6-49AF-8AC4-EB13242B1BBA}"
EndProject
Project("{F184B08F-C81C-45F6-A57F-5ABD9991F28F}") = "CSCustomActionHelper", "CSCustomActionHelper\CSCustomActionHelper.vbproj", "{5DD3AD2F-28EC-4FB2-B6BC-25E741D3B796}"
EndProject
Project("{F184B08F-C81C-45F6-A57F-5ABD9991F28F}") = "SQLClientPlugin", "SQLClientPlugin\SQLClientPlugin.vbproj", "{D46EF48E-94F4-4717-9EF4-419EE3B43291}"
EndProject
Project("{F184B08F-C81C-45F6-A57F-5ABD9991F28F}") = "CSTemplateManager", "CSTemplateManager\CSTemplateManager.vbproj", "{A0E395F2-8C8D-4950-AB53-8EFE4A495328}"
EndProject
Project("{F184B08F-C81C-45F6-A57F-5ABD9991F28F}") = "CSToolProcessHelper", "CSToolProcessHelper\CSToolProcessHelper.vbproj", "{3BB93653-5C02-4DE3-9C2C-99B4E5ACEFAB}"
EndProject
Project("{F184B08F-C81C-45F6-A57F-5ABD9991F28F}") = "WMIJournalPlugin", "WMIJournalPlugin\WMIJournalPlugin.vbproj", "{178D98FE-7C9E-4619-BFD7-4B2B3C89DFF9}"
EndProject
Project("{F184B08F-C81C-45F6-A57F-5ABD9991F28F}") = "LDAPUserMembershipPlugin", "LDAPUserMembershipPlugin\LDAPUserMembershipPlugin.vbproj", "{42078D1E-000A-49E0-A57C-4E3A4C26B4CB}"
EndProject
Project("{F184B08F-C81C-45F6-A57F-5ABD9991F28F}") = "CustomCredentialsPlugin", "CustomCredentialsPlugin\CustomCredentialsPlugin.vbproj", "{FA7BD130-7B01-4682-BEB4-52D2D9D6F804}"
EndProject
Project("{F184B08F-C81C-45F6-A57F-5ABD9991F28F}") = "TimeClockPlugin", "TimeClockPlugin\TimeClockPlugin.vbproj", "{FD0D6D7B-2CE4-4AE1-87AF-B203E2127753}"
EndProject
Project("{F184B08F-C81C-45F6-A57F-5ABD9991F28F}") = "LocalFilesystemBrowserPlugin", "LocalFilesystemBrowserPlugin\LocalFilesystemBrowserPlugin.vbproj", "{59D5098F-9353-4730-839D-199B9595641E}"
EndProject
Global
	GlobalSection(SolutionConfigurationPlatforms) = preSolution
		Debug|Any CPU = Debug|Any CPU
		Debug|x64 = Debug|x64
		Release|Any CPU = Release|Any CPU
		Release|x64 = Release|x64
	EndGlobalSection
	GlobalSection(ProjectConfigurationPlatforms) = postSolution
		{C75532C4-765B-418E-B09B-46D36B2ABDB1}.Debug|Any CPU.ActiveCfg = Debug|Any CPU
		{C75532C4-765B-418E-B09B-46D36B2ABDB1}.Debug|Any CPU.Build.0 = Debug|Any CPU
		{C75532C4-765B-418E-B09B-46D36B2ABDB1}.Debug|x64.ActiveCfg = Debug|x64
		{C75532C4-765B-418E-B09B-46D36B2ABDB1}.Debug|x64.Build.0 = Debug|x64
		{C75532C4-765B-418E-B09B-46D36B2ABDB1}.Release|Any CPU.ActiveCfg = Release|Any CPU
		{C75532C4-765B-418E-B09B-46D36B2ABDB1}.Release|Any CPU.Build.0 = Release|Any CPU
		{C75532C4-765B-418E-B09B-46D36B2ABDB1}.Release|x64.ActiveCfg = Release|x64
		{C75532C4-765B-418E-B09B-46D36B2ABDB1}.Release|x64.Build.0 = Release|x64
		{245E07F6-10D5-4CFA-B003-0DEB06B223DA}.Debug|Any CPU.ActiveCfg = Debug|Any CPU
		{245E07F6-10D5-4CFA-B003-0DEB06B223DA}.Debug|Any CPU.Build.0 = Debug|Any CPU
		{245E07F6-10D5-4CFA-B003-0DEB06B223DA}.Debug|x64.ActiveCfg = Debug|x64
		{245E07F6-10D5-4CFA-B003-0DEB06B223DA}.Debug|x64.Build.0 = Debug|x64
		{245E07F6-10D5-4CFA-B003-0DEB06B223DA}.Release|Any CPU.ActiveCfg = Release|Any CPU
		{245E07F6-10D5-4CFA-B003-0DEB06B223DA}.Release|Any CPU.Build.0 = Release|Any CPU
		{245E07F6-10D5-4CFA-B003-0DEB06B223DA}.Release|x64.ActiveCfg = Release|x64
		{245E07F6-10D5-4CFA-B003-0DEB06B223DA}.Release|x64.Build.0 = Release|x64
		{4ED4FDB5-9FD0-49E6-876D-1635F727C755}.Debug|Any CPU.ActiveCfg = Debug|Any CPU
		{4ED4FDB5-9FD0-49E6-876D-1635F727C755}.Debug|Any CPU.Build.0 = Debug|Any CPU
		{4ED4FDB5-9FD0-49E6-876D-1635F727C755}.Debug|x64.ActiveCfg = Debug|x64
		{4ED4FDB5-9FD0-49E6-876D-1635F727C755}.Debug|x64.Build.0 = Debug|x64
		{4ED4FDB5-9FD0-49E6-876D-1635F727C755}.Release|Any CPU.ActiveCfg = Release|Any CPU
		{4ED4FDB5-9FD0-49E6-876D-1635F727C755}.Release|Any CPU.Build.0 = Release|Any CPU
		{4ED4FDB5-9FD0-49E6-876D-1635F727C755}.Release|x64.ActiveCfg = Release|x64
		{4ED4FDB5-9FD0-49E6-876D-1635F727C755}.Release|x64.Build.0 = Release|x64
		{719F0F69-66DA-438D-B5BB-2D883EF4ACE2}.Debug|Any CPU.ActiveCfg = Debug|Any CPU
		{719F0F69-66DA-438D-B5BB-2D883EF4ACE2}.Debug|Any CPU.Build.0 = Debug|Any CPU
		{719F0F69-66DA-438D-B5BB-2D883EF4ACE2}.Debug|x64.ActiveCfg = Debug|x64
		{719F0F69-66DA-438D-B5BB-2D883EF4ACE2}.Debug|x64.Build.0 = Debug|x64
		{719F0F69-66DA-438D-B5BB-2D883EF4ACE2}.Release|Any CPU.ActiveCfg = Release|Any CPU
		{719F0F69-66DA-438D-B5BB-2D883EF4ACE2}.Release|Any CPU.Build.0 = Release|Any CPU
		{719F0F69-66DA-438D-B5BB-2D883EF4ACE2}.Release|x64.ActiveCfg = Release|x64
		{719F0F69-66DA-438D-B5BB-2D883EF4ACE2}.Release|x64.Build.0 = Release|x64
		{01B09009-BD30-47F2-B318-4B583D606C61}.Debug|Any CPU.ActiveCfg = Debug|Any CPU
		{01B09009-BD30-47F2-B318-4B583D606C61}.Debug|Any CPU.Build.0 = Debug|Any CPU
		{01B09009-BD30-47F2-B318-4B583D606C61}.Debug|x64.ActiveCfg = Debug|x64
		{01B09009-BD30-47F2-B318-4B583D606C61}.Debug|x64.Build.0 = Debug|x64
		{01B09009-BD30-47F2-B318-4B583D606C61}.Release|Any CPU.ActiveCfg = Release|Any CPU
		{01B09009-BD30-47F2-B318-4B583D606C61}.Release|Any CPU.Build.0 = Release|Any CPU
		{01B09009-BD30-47F2-B318-4B583D606C61}.Release|x64.ActiveCfg = Release|x64
		{01B09009-BD30-47F2-B318-4B583D606C61}.Release|x64.Build.0 = Release|x64
		{007D4AC8-948F-4816-86AD-B9D1343672C1}.Debug|Any CPU.ActiveCfg = Debug|Any CPU
		{007D4AC8-948F-4816-86AD-B9D1343672C1}.Debug|Any CPU.Build.0 = Debug|Any CPU
		{007D4AC8-948F-4816-86AD-B9D1343672C1}.Debug|x64.ActiveCfg = Debug|x64
		{007D4AC8-948F-4816-86AD-B9D1343672C1}.Debug|x64.Build.0 = Debug|x64
		{007D4AC8-948F-4816-86AD-B9D1343672C1}.Release|Any CPU.ActiveCfg = Release|Any CPU
		{007D4AC8-948F-4816-86AD-B9D1343672C1}.Release|Any CPU.Build.0 = Release|Any CPU
		{007D4AC8-948F-4816-86AD-B9D1343672C1}.Release|x64.ActiveCfg = Release|x64
		{007D4AC8-948F-4816-86AD-B9D1343672C1}.Release|x64.Build.0 = Release|x64
		{B51EC09A-F8BE-4B5A-BD07-0F4489075A00}.Debug|Any CPU.ActiveCfg = Debug|Any CPU
		{B51EC09A-F8BE-4B5A-BD07-0F4489075A00}.Debug|Any CPU.Build.0 = Debug|Any CPU
		{B51EC09A-F8BE-4B5A-BD07-0F4489075A00}.Debug|x64.ActiveCfg = Debug|x64
		{B51EC09A-F8BE-4B5A-BD07-0F4489075A00}.Debug|x64.Build.0 = Debug|x64
		{B51EC09A-F8BE-4B5A-BD07-0F4489075A00}.Release|Any CPU.ActiveCfg = Release|Any CPU
		{B51EC09A-F8BE-4B5A-BD07-0F4489075A00}.Release|Any CPU.Build.0 = Release|Any CPU
		{B51EC09A-F8BE-4B5A-BD07-0F4489075A00}.Release|x64.ActiveCfg = Release|x64
		{B51EC09A-F8BE-4B5A-BD07-0F4489075A00}.Release|x64.Build.0 = Release|x64
		{5B6DEF5F-F3BC-4015-A4C2-A6EA24F31932}.Debug|Any CPU.ActiveCfg = Debug|Any CPU
		{5B6DEF5F-F3BC-4015-A4C2-A6EA24F31932}.Debug|Any CPU.Build.0 = Debug|Any CPU
		{5B6DEF5F-F3BC-4015-A4C2-A6EA24F31932}.Debug|x64.ActiveCfg = Debug|x64
		{5B6DEF5F-F3BC-4015-A4C2-A6EA24F31932}.Debug|x64.Build.0 = Debug|x64
		{5B6DEF5F-F3BC-4015-A4C2-A6EA24F31932}.Release|Any CPU.ActiveCfg = Release|Any CPU
		{5B6DEF5F-F3BC-4015-A4C2-A6EA24F31932}.Release|Any CPU.Build.0 = Release|Any CPU
		{5B6DEF5F-F3BC-4015-A4C2-A6EA24F31932}.Release|x64.ActiveCfg = Release|x64
		{5B6DEF5F-F3BC-4015-A4C2-A6EA24F31932}.Release|x64.Build.0 = Release|x64
		{6BAC4415-9CC9-4AD9-812C-6D4158B9D731}.Debug|Any CPU.ActiveCfg = Debug|Any CPU
		{6BAC4415-9CC9-4AD9-812C-6D4158B9D731}.Debug|Any CPU.Build.0 = Debug|Any CPU
		{6BAC4415-9CC9-4AD9-812C-6D4158B9D731}.Debug|x64.ActiveCfg = Debug|x64
		{6BAC4415-9CC9-4AD9-812C-6D4158B9D731}.Debug|x64.Build.0 = Debug|x64
		{6BAC4415-9CC9-4AD9-812C-6D4158B9D731}.Release|Any CPU.ActiveCfg = Release|Any CPU
		{6BAC4415-9CC9-4AD9-812C-6D4158B9D731}.Release|Any CPU.Build.0 = Release|Any CPU
		{6BAC4415-9CC9-4AD9-812C-6D4158B9D731}.Release|x64.ActiveCfg = Release|x64
		{6BAC4415-9CC9-4AD9-812C-6D4158B9D731}.Release|x64.Build.0 = Release|x64
		{52F811EA-55D2-4375-B177-A93D76E72BE0}.Debug|Any CPU.ActiveCfg = Debug|Any CPU
		{52F811EA-55D2-4375-B177-A93D76E72BE0}.Debug|Any CPU.Build.0 = Debug|Any CPU
		{52F811EA-55D2-4375-B177-A93D76E72BE0}.Debug|x64.ActiveCfg = Debug|x64
		{52F811EA-55D2-4375-B177-A93D76E72BE0}.Debug|x64.Build.0 = Debug|x64
		{52F811EA-55D2-4375-B177-A93D76E72BE0}.Release|Any CPU.ActiveCfg = Release|Any CPU
		{52F811EA-55D2-4375-B177-A93D76E72BE0}.Release|Any CPU.Build.0 = Release|Any CPU
		{52F811EA-55D2-4375-B177-A93D76E72BE0}.Release|x64.ActiveCfg = Release|x64
		{52F811EA-55D2-4375-B177-A93D76E72BE0}.Release|x64.Build.0 = Release|x64
		{0C35437B-14B5-4F46-8FB6-34EB59479C3D}.Debug|Any CPU.ActiveCfg = Debug|Any CPU
		{0C35437B-14B5-4F46-8FB6-34EB59479C3D}.Debug|Any CPU.Build.0 = Debug|Any CPU
		{0C35437B-14B5-4F46-8FB6-34EB59479C3D}.Debug|x64.ActiveCfg = Debug|x64
		{0C35437B-14B5-4F46-8FB6-34EB59479C3D}.Debug|x64.Build.0 = Debug|x64
		{0C35437B-14B5-4F46-8FB6-34EB59479C3D}.Release|Any CPU.ActiveCfg = Release|Any CPU
		{0C35437B-14B5-4F46-8FB6-34EB59479C3D}.Release|Any CPU.Build.0 = Release|Any CPU
		{0C35437B-14B5-4F46-8FB6-34EB59479C3D}.Release|x64.ActiveCfg = Release|x64
		{0C35437B-14B5-4F46-8FB6-34EB59479C3D}.Release|x64.Build.0 = Release|x64
		{EDE9DFBD-E2B2-4B14-A493-0ED999E9094A}.Debug|Any CPU.ActiveCfg = Debug|Any CPU
		{EDE9DFBD-E2B2-4B14-A493-0ED999E9094A}.Debug|Any CPU.Build.0 = Debug|Any CPU
		{EDE9DFBD-E2B2-4B14-A493-0ED999E9094A}.Debug|x64.ActiveCfg = Debug|x64
		{EDE9DFBD-E2B2-4B14-A493-0ED999E9094A}.Debug|x64.Build.0 = Debug|x64
		{EDE9DFBD-E2B2-4B14-A493-0ED999E9094A}.Release|Any CPU.ActiveCfg = Release|Any CPU
		{EDE9DFBD-E2B2-4B14-A493-0ED999E9094A}.Release|Any CPU.Build.0 = Release|Any CPU
		{EDE9DFBD-E2B2-4B14-A493-0ED999E9094A}.Release|x64.ActiveCfg = Release|x64
		{EDE9DFBD-E2B2-4B14-A493-0ED999E9094A}.Release|x64.Build.0 = Release|x64
		{0BFE04E6-071C-4624-AD64-5898B4C19681}.Debug|Any CPU.ActiveCfg = Debug|Any CPU
		{0BFE04E6-071C-4624-AD64-5898B4C19681}.Debug|Any CPU.Build.0 = Debug|Any CPU
		{0BFE04E6-071C-4624-AD64-5898B4C19681}.Debug|x64.ActiveCfg = Debug|x64
		{0BFE04E6-071C-4624-AD64-5898B4C19681}.Debug|x64.Build.0 = Debug|x64
		{0BFE04E6-071C-4624-AD64-5898B4C19681}.Release|Any CPU.ActiveCfg = Release|Any CPU
		{0BFE04E6-071C-4624-AD64-5898B4C19681}.Release|Any CPU.Build.0 = Release|Any CPU
		{0BFE04E6-071C-4624-AD64-5898B4C19681}.Release|x64.ActiveCfg = Release|x64
		{0BFE04E6-071C-4624-AD64-5898B4C19681}.Release|x64.Build.0 = Release|x64
		{750FD8A4-3E8E-435C-AE22-7A44F08E977A}.Debug|Any CPU.ActiveCfg = Debug|Any CPU
		{750FD8A4-3E8E-435C-AE22-7A44F08E977A}.Debug|Any CPU.Build.0 = Debug|Any CPU
		{750FD8A4-3E8E-435C-AE22-7A44F08E977A}.Debug|x64.ActiveCfg = Debug|x64
		{750FD8A4-3E8E-435C-AE22-7A44F08E977A}.Debug|x64.Build.0 = Debug|x64
		{750FD8A4-3E8E-435C-AE22-7A44F08E977A}.Release|Any CPU.ActiveCfg = Release|Any CPU
		{750FD8A4-3E8E-435C-AE22-7A44F08E977A}.Release|Any CPU.Build.0 = Release|Any CPU
		{750FD8A4-3E8E-435C-AE22-7A44F08E977A}.Release|x64.ActiveCfg = Release|x64
		{750FD8A4-3E8E-435C-AE22-7A44F08E977A}.Release|x64.Build.0 = Release|x64
		{A6AFF011-B72D-43EC-86B2-F0C9359015C9}.Debug|Any CPU.ActiveCfg = Debug|Any CPU
		{A6AFF011-B72D-43EC-86B2-F0C9359015C9}.Debug|Any CPU.Build.0 = Debug|Any CPU
		{A6AFF011-B72D-43EC-86B2-F0C9359015C9}.Debug|x64.ActiveCfg = Debug|x64
		{A6AFF011-B72D-43EC-86B2-F0C9359015C9}.Debug|x64.Build.0 = Debug|x64
		{A6AFF011-B72D-43EC-86B2-F0C9359015C9}.Release|Any CPU.ActiveCfg = Release|Any CPU
		{A6AFF011-B72D-43EC-86B2-F0C9359015C9}.Release|Any CPU.Build.0 = Release|Any CPU
		{A6AFF011-B72D-43EC-86B2-F0C9359015C9}.Release|x64.ActiveCfg = Release|x64
		{A6AFF011-B72D-43EC-86B2-F0C9359015C9}.Release|x64.Build.0 = Release|x64
		{D8641DB7-E514-4BEA-B694-DE01E26D82F2}.Debug|Any CPU.ActiveCfg = Debug|Any CPU
		{D8641DB7-E514-4BEA-B694-DE01E26D82F2}.Debug|Any CPU.Build.0 = Debug|Any CPU
		{D8641DB7-E514-4BEA-B694-DE01E26D82F2}.Debug|x64.ActiveCfg = Debug|x64
		{D8641DB7-E514-4BEA-B694-DE01E26D82F2}.Debug|x64.Build.0 = Debug|x64
		{D8641DB7-E514-4BEA-B694-DE01E26D82F2}.Release|Any CPU.ActiveCfg = Release|Any CPU
		{D8641DB7-E514-4BEA-B694-DE01E26D82F2}.Release|Any CPU.Build.0 = Release|Any CPU
		{D8641DB7-E514-4BEA-B694-DE01E26D82F2}.Release|x64.ActiveCfg = Release|x64
		{D8641DB7-E514-4BEA-B694-DE01E26D82F2}.Release|x64.Build.0 = Release|x64
		{DF373DBF-733E-4E4D-8335-3D6D5FE447B2}.Debug|Any CPU.ActiveCfg = Debug|Any CPU
		{DF373DBF-733E-4E4D-8335-3D6D5FE447B2}.Debug|Any CPU.Build.0 = Debug|Any CPU
		{DF373DBF-733E-4E4D-8335-3D6D5FE447B2}.Debug|x64.ActiveCfg = Debug|x64
		{DF373DBF-733E-4E4D-8335-3D6D5FE447B2}.Debug|x64.Build.0 = Debug|x64
		{DF373DBF-733E-4E4D-8335-3D6D5FE447B2}.Release|Any CPU.ActiveCfg = Release|Any CPU
		{DF373DBF-733E-4E4D-8335-3D6D5FE447B2}.Release|Any CPU.Build.0 = Release|Any CPU
		{DF373DBF-733E-4E4D-8335-3D6D5FE447B2}.Release|x64.ActiveCfg = Release|x64
		{DF373DBF-733E-4E4D-8335-3D6D5FE447B2}.Release|x64.Build.0 = Release|x64
		{64C88D9D-8B0C-4CCD-95D0-88656E17590A}.Debug|Any CPU.ActiveCfg = Debug|Any CPU
		{64C88D9D-8B0C-4CCD-95D0-88656E17590A}.Debug|Any CPU.Build.0 = Debug|Any CPU
		{64C88D9D-8B0C-4CCD-95D0-88656E17590A}.Debug|x64.ActiveCfg = Debug|x64
		{64C88D9D-8B0C-4CCD-95D0-88656E17590A}.Debug|x64.Build.0 = Debug|x64
		{64C88D9D-8B0C-4CCD-95D0-88656E17590A}.Release|Any CPU.ActiveCfg = Release|Any CPU
		{64C88D9D-8B0C-4CCD-95D0-88656E17590A}.Release|Any CPU.Build.0 = Release|Any CPU
		{64C88D9D-8B0C-4CCD-95D0-88656E17590A}.Release|x64.ActiveCfg = Release|x64
		{64C88D9D-8B0C-4CCD-95D0-88656E17590A}.Release|x64.Build.0 = Release|x64
		{0B6AD670-990D-4F6D-BAA8-60F25522E2FB}.Debug|Any CPU.ActiveCfg = Debug|Any CPU
		{0B6AD670-990D-4F6D-BAA8-60F25522E2FB}.Debug|Any CPU.Build.0 = Debug|Any CPU
		{0B6AD670-990D-4F6D-BAA8-60F25522E2FB}.Debug|x64.ActiveCfg = Debug|x64
		{0B6AD670-990D-4F6D-BAA8-60F25522E2FB}.Debug|x64.Build.0 = Debug|x64
		{0B6AD670-990D-4F6D-BAA8-60F25522E2FB}.Release|Any CPU.ActiveCfg = Release|Any CPU
		{0B6AD670-990D-4F6D-BAA8-60F25522E2FB}.Release|Any CPU.Build.0 = Release|Any CPU
		{0B6AD670-990D-4F6D-BAA8-60F25522E2FB}.Release|x64.ActiveCfg = Release|x64
		{0B6AD670-990D-4F6D-BAA8-60F25522E2FB}.Release|x64.Build.0 = Release|x64
		{5C70A093-F440-4646-ADF7-9A95F2C2E548}.Debug|Any CPU.ActiveCfg = Debug|Any CPU
		{5C70A093-F440-4646-ADF7-9A95F2C2E548}.Debug|Any CPU.Build.0 = Debug|Any CPU
		{5C70A093-F440-4646-ADF7-9A95F2C2E548}.Debug|x64.ActiveCfg = Debug|x64
		{5C70A093-F440-4646-ADF7-9A95F2C2E548}.Debug|x64.Build.0 = Debug|x64
		{5C70A093-F440-4646-ADF7-9A95F2C2E548}.Release|Any CPU.ActiveCfg = Release|Any CPU
		{5C70A093-F440-4646-ADF7-9A95F2C2E548}.Release|Any CPU.Build.0 = Release|Any CPU
		{5C70A093-F440-4646-ADF7-9A95F2C2E548}.Release|x64.ActiveCfg = Release|x64
		{5C70A093-F440-4646-ADF7-9A95F2C2E548}.Release|x64.Build.0 = Release|x64
		{AFDF8BCE-B55E-4C28-BC4B-23DD3CC61D62}.Debug|Any CPU.ActiveCfg = Debug|Any CPU
		{AFDF8BCE-B55E-4C28-BC4B-23DD3CC61D62}.Debug|Any CPU.Build.0 = Debug|Any CPU
		{AFDF8BCE-B55E-4C28-BC4B-23DD3CC61D62}.Debug|x64.ActiveCfg = Debug|x64
		{AFDF8BCE-B55E-4C28-BC4B-23DD3CC61D62}.Debug|x64.Build.0 = Debug|x64
		{AFDF8BCE-B55E-4C28-BC4B-23DD3CC61D62}.Release|Any CPU.ActiveCfg = Release|Any CPU
		{AFDF8BCE-B55E-4C28-BC4B-23DD3CC61D62}.Release|Any CPU.Build.0 = Release|Any CPU
		{AFDF8BCE-B55E-4C28-BC4B-23DD3CC61D62}.Release|x64.ActiveCfg = Release|x64
		{AFDF8BCE-B55E-4C28-BC4B-23DD3CC61D62}.Release|x64.Build.0 = Release|x64
		{CC52AA97-5749-407A-913F-67732187D1CA}.Debug|Any CPU.ActiveCfg = Debug|Any CPU
		{CC52AA97-5749-407A-913F-67732187D1CA}.Debug|Any CPU.Build.0 = Debug|Any CPU
		{CC52AA97-5749-407A-913F-67732187D1CA}.Debug|x64.ActiveCfg = Debug|x64
		{CC52AA97-5749-407A-913F-67732187D1CA}.Debug|x64.Build.0 = Debug|x64
		{CC52AA97-5749-407A-913F-67732187D1CA}.Release|Any CPU.ActiveCfg = Release|Any CPU
		{CC52AA97-5749-407A-913F-67732187D1CA}.Release|Any CPU.Build.0 = Release|Any CPU
		{CC52AA97-5749-407A-913F-67732187D1CA}.Release|x64.ActiveCfg = Release|x64
		{CC52AA97-5749-407A-913F-67732187D1CA}.Release|x64.Build.0 = Release|x64
		{3935C4D7-6F45-4CFD-8E62-4A4B45231507}.Debug|Any CPU.ActiveCfg = Debug|Any CPU
		{3935C4D7-6F45-4CFD-8E62-4A4B45231507}.Debug|Any CPU.Build.0 = Debug|Any CPU
		{3935C4D7-6F45-4CFD-8E62-4A4B45231507}.Debug|x64.ActiveCfg = Debug|x64
		{3935C4D7-6F45-4CFD-8E62-4A4B45231507}.Debug|x64.Build.0 = Debug|x64
		{3935C4D7-6F45-4CFD-8E62-4A4B45231507}.Release|Any CPU.ActiveCfg = Release|Any CPU
		{3935C4D7-6F45-4CFD-8E62-4A4B45231507}.Release|Any CPU.Build.0 = Release|Any CPU
		{3935C4D7-6F45-4CFD-8E62-4A4B45231507}.Release|x64.ActiveCfg = Release|x64
		{3935C4D7-6F45-4CFD-8E62-4A4B45231507}.Release|x64.Build.0 = Release|x64
		{B45FF8DC-3118-45ED-AD64-9A7D11A6DF42}.Debug|Any CPU.ActiveCfg = Debug|Any CPU
		{B45FF8DC-3118-45ED-AD64-9A7D11A6DF42}.Debug|Any CPU.Build.0 = Debug|Any CPU
		{B45FF8DC-3118-45ED-AD64-9A7D11A6DF42}.Debug|x64.ActiveCfg = Debug|x64
		{B45FF8DC-3118-45ED-AD64-9A7D11A6DF42}.Debug|x64.Build.0 = Debug|x64
		{B45FF8DC-3118-45ED-AD64-9A7D11A6DF42}.Release|Any CPU.ActiveCfg = Release|Any CPU
		{B45FF8DC-3118-45ED-AD64-9A7D11A6DF42}.Release|Any CPU.Build.0 = Release|Any CPU
		{B45FF8DC-3118-45ED-AD64-9A7D11A6DF42}.Release|x64.ActiveCfg = Release|x64
		{B45FF8DC-3118-45ED-AD64-9A7D11A6DF42}.Release|x64.Build.0 = Release|x64
		{B4FFA451-8868-4900-89D3-659C76FD12E7}.Debug|Any CPU.ActiveCfg = Debug|Any CPU
		{B4FFA451-8868-4900-89D3-659C76FD12E7}.Debug|Any CPU.Build.0 = Debug|Any CPU
		{B4FFA451-8868-4900-89D3-659C76FD12E7}.Debug|x64.ActiveCfg = Debug|x64
		{B4FFA451-8868-4900-89D3-659C76FD12E7}.Debug|x64.Build.0 = Debug|x64
		{B4FFA451-8868-4900-89D3-659C76FD12E7}.Release|Any CPU.ActiveCfg = Release|Any CPU
		{B4FFA451-8868-4900-89D3-659C76FD12E7}.Release|Any CPU.Build.0 = Release|Any CPU
		{B4FFA451-8868-4900-89D3-659C76FD12E7}.Release|x64.ActiveCfg = Release|x64
		{B4FFA451-8868-4900-89D3-659C76FD12E7}.Release|x64.Build.0 = Release|x64
		{B05702B0-F857-4030-A21A-6594538597C9}.Debug|Any CPU.ActiveCfg = Debug|Any CPU
		{B05702B0-F857-4030-A21A-6594538597C9}.Debug|Any CPU.Build.0 = Debug|Any CPU
		{B05702B0-F857-4030-A21A-6594538597C9}.Debug|x64.ActiveCfg = Debug|x64
		{B05702B0-F857-4030-A21A-6594538597C9}.Debug|x64.Build.0 = Debug|x64
		{B05702B0-F857-4030-A21A-6594538597C9}.Release|Any CPU.ActiveCfg = Release|Any CPU
		{B05702B0-F857-4030-A21A-6594538597C9}.Release|Any CPU.Build.0 = Release|Any CPU
		{B05702B0-F857-4030-A21A-6594538597C9}.Release|x64.ActiveCfg = Release|x64
		{B05702B0-F857-4030-A21A-6594538597C9}.Release|x64.Build.0 = Release|x64
		{A94A5908-1C55-45F9-B162-9BF2549AEBAA}.Debug|Any CPU.ActiveCfg = Debug|Any CPU
		{A94A5908-1C55-45F9-B162-9BF2549AEBAA}.Debug|Any CPU.Build.0 = Debug|Any CPU
		{A94A5908-1C55-45F9-B162-9BF2549AEBAA}.Debug|x64.ActiveCfg = Debug|x64
		{A94A5908-1C55-45F9-B162-9BF2549AEBAA}.Debug|x64.Build.0 = Debug|x64
		{A94A5908-1C55-45F9-B162-9BF2549AEBAA}.Release|Any CPU.ActiveCfg = Release|Any CPU
		{A94A5908-1C55-45F9-B162-9BF2549AEBAA}.Release|Any CPU.Build.0 = Release|Any CPU
		{A94A5908-1C55-45F9-B162-9BF2549AEBAA}.Release|x64.ActiveCfg = Release|x64
		{A94A5908-1C55-45F9-B162-9BF2549AEBAA}.Release|x64.Build.0 = Release|x64
		{7809B2C0-3EE5-4983-9FEF-A11479AAFD99}.Debug|Any CPU.ActiveCfg = Debug|Any CPU
		{7809B2C0-3EE5-4983-9FEF-A11479AAFD99}.Debug|Any CPU.Build.0 = Debug|Any CPU
		{7809B2C0-3EE5-4983-9FEF-A11479AAFD99}.Debug|x64.ActiveCfg = Debug|x64
		{7809B2C0-3EE5-4983-9FEF-A11479AAFD99}.Debug|x64.Build.0 = Debug|x64
		{7809B2C0-3EE5-4983-9FEF-A11479AAFD99}.Release|Any CPU.ActiveCfg = Release|Any CPU
		{7809B2C0-3EE5-4983-9FEF-A11479AAFD99}.Release|Any CPU.Build.0 = Release|Any CPU
		{7809B2C0-3EE5-4983-9FEF-A11479AAFD99}.Release|x64.ActiveCfg = Release|x64
		{7809B2C0-3EE5-4983-9FEF-A11479AAFD99}.Release|x64.Build.0 = Release|x64
		{9D44073E-4FF9-43FF-A7D3-83102EC44E83}.Debug|Any CPU.ActiveCfg = Debug|Any CPU
		{9D44073E-4FF9-43FF-A7D3-83102EC44E83}.Debug|Any CPU.Build.0 = Debug|Any CPU
		{9D44073E-4FF9-43FF-A7D3-83102EC44E83}.Debug|x64.ActiveCfg = Debug|x64
		{9D44073E-4FF9-43FF-A7D3-83102EC44E83}.Debug|x64.Build.0 = Debug|x64
		{9D44073E-4FF9-43FF-A7D3-83102EC44E83}.Release|Any CPU.ActiveCfg = Release|Any CPU
		{9D44073E-4FF9-43FF-A7D3-83102EC44E83}.Release|Any CPU.Build.0 = Release|Any CPU
		{9D44073E-4FF9-43FF-A7D3-83102EC44E83}.Release|x64.ActiveCfg = Release|x64
		{9D44073E-4FF9-43FF-A7D3-83102EC44E83}.Release|x64.Build.0 = Release|x64
		{9ED8DBB2-B501-4797-8CE1-04DDDAD6EF8C}.Debug|Any CPU.ActiveCfg = Debug|Any CPU
		{9ED8DBB2-B501-4797-8CE1-04DDDAD6EF8C}.Debug|Any CPU.Build.0 = Debug|Any CPU
		{9ED8DBB2-B501-4797-8CE1-04DDDAD6EF8C}.Debug|x64.ActiveCfg = Debug|x64
		{9ED8DBB2-B501-4797-8CE1-04DDDAD6EF8C}.Debug|x64.Build.0 = Debug|x64
		{9ED8DBB2-B501-4797-8CE1-04DDDAD6EF8C}.Release|Any CPU.ActiveCfg = Release|Any CPU
		{9ED8DBB2-B501-4797-8CE1-04DDDAD6EF8C}.Release|Any CPU.Build.0 = Release|Any CPU
		{9ED8DBB2-B501-4797-8CE1-04DDDAD6EF8C}.Release|x64.ActiveCfg = Release|x64
		{9ED8DBB2-B501-4797-8CE1-04DDDAD6EF8C}.Release|x64.Build.0 = Release|x64
		{2F8AD7CB-F746-4972-A5C6-72BFF1A51809}.Debug|Any CPU.ActiveCfg = Debug|Any CPU
		{2F8AD7CB-F746-4972-A5C6-72BFF1A51809}.Debug|Any CPU.Build.0 = Debug|Any CPU
		{2F8AD7CB-F746-4972-A5C6-72BFF1A51809}.Debug|x64.ActiveCfg = Debug|x64
		{2F8AD7CB-F746-4972-A5C6-72BFF1A51809}.Debug|x64.Build.0 = Debug|x64
		{2F8AD7CB-F746-4972-A5C6-72BFF1A51809}.Release|Any CPU.ActiveCfg = Release|Any CPU
		{2F8AD7CB-F746-4972-A5C6-72BFF1A51809}.Release|Any CPU.Build.0 = Release|Any CPU
		{2F8AD7CB-F746-4972-A5C6-72BFF1A51809}.Release|x64.ActiveCfg = Release|x64
		{2F8AD7CB-F746-4972-A5C6-72BFF1A51809}.Release|x64.Build.0 = Release|x64
		{E9BD6AA9-0431-4F55-BAA1-E46895203379}.Debug|Any CPU.ActiveCfg = Debug|Any CPU
		{E9BD6AA9-0431-4F55-BAA1-E46895203379}.Debug|Any CPU.Build.0 = Debug|Any CPU
		{E9BD6AA9-0431-4F55-BAA1-E46895203379}.Debug|x64.ActiveCfg = Debug|x64
		{E9BD6AA9-0431-4F55-BAA1-E46895203379}.Debug|x64.Build.0 = Debug|x64
		{E9BD6AA9-0431-4F55-BAA1-E46895203379}.Release|Any CPU.ActiveCfg = Release|Any CPU
		{E9BD6AA9-0431-4F55-BAA1-E46895203379}.Release|Any CPU.Build.0 = Release|Any CPU
		{E9BD6AA9-0431-4F55-BAA1-E46895203379}.Release|x64.ActiveCfg = Release|x64
		{E9BD6AA9-0431-4F55-BAA1-E46895203379}.Release|x64.Build.0 = Release|x64
		{DD07BF4F-F0D2-494D-8086-3458457E3504}.Debug|Any CPU.ActiveCfg = Debug|Any CPU
		{DD07BF4F-F0D2-494D-8086-3458457E3504}.Debug|Any CPU.Build.0 = Debug|Any CPU
		{DD07BF4F-F0D2-494D-8086-3458457E3504}.Debug|x64.ActiveCfg = Debug|x64
		{DD07BF4F-F0D2-494D-8086-3458457E3504}.Debug|x64.Build.0 = Debug|x64
		{DD07BF4F-F0D2-494D-8086-3458457E3504}.Release|Any CPU.ActiveCfg = Release|Any CPU
		{DD07BF4F-F0D2-494D-8086-3458457E3504}.Release|Any CPU.Build.0 = Release|Any CPU
		{DD07BF4F-F0D2-494D-8086-3458457E3504}.Release|x64.ActiveCfg = Release|x64
		{DD07BF4F-F0D2-494D-8086-3458457E3504}.Release|x64.Build.0 = Release|x64
		{4E00CE6F-6AE5-47F7-891C-61E7DB8E5272}.Debug|Any CPU.ActiveCfg = Debug|Any CPU
		{4E00CE6F-6AE5-47F7-891C-61E7DB8E5272}.Debug|Any CPU.Build.0 = Debug|Any CPU
		{4E00CE6F-6AE5-47F7-891C-61E7DB8E5272}.Debug|x64.ActiveCfg = Debug|x64
		{4E00CE6F-6AE5-47F7-891C-61E7DB8E5272}.Debug|x64.Build.0 = Debug|x64
		{4E00CE6F-6AE5-47F7-891C-61E7DB8E5272}.Release|Any CPU.ActiveCfg = Release|Any CPU
		{4E00CE6F-6AE5-47F7-891C-61E7DB8E5272}.Release|Any CPU.Build.0 = Release|Any CPU
		{4E00CE6F-6AE5-47F7-891C-61E7DB8E5272}.Release|x64.ActiveCfg = Release|x64
		{4E00CE6F-6AE5-47F7-891C-61E7DB8E5272}.Release|x64.Build.0 = Release|x64
		{3C4EF0E4-76CD-42A8-B3F9-824315E872CA}.Debug|Any CPU.ActiveCfg = Debug|Any CPU
		{3C4EF0E4-76CD-42A8-B3F9-824315E872CA}.Debug|Any CPU.Build.0 = Debug|Any CPU
		{3C4EF0E4-76CD-42A8-B3F9-824315E872CA}.Debug|x64.ActiveCfg = Debug|x64
		{3C4EF0E4-76CD-42A8-B3F9-824315E872CA}.Debug|x64.Build.0 = Debug|x64
		{3C4EF0E4-76CD-42A8-B3F9-824315E872CA}.Release|Any CPU.ActiveCfg = Release|Any CPU
		{3C4EF0E4-76CD-42A8-B3F9-824315E872CA}.Release|Any CPU.Build.0 = Release|Any CPU
		{3C4EF0E4-76CD-42A8-B3F9-824315E872CA}.Release|x64.ActiveCfg = Release|x64
		{3C4EF0E4-76CD-42A8-B3F9-824315E872CA}.Release|x64.Build.0 = Release|x64
		{696ED794-189B-4F10-8790-C61F27BBEBA2}.Debug|Any CPU.ActiveCfg = Debug|Any CPU
		{696ED794-189B-4F10-8790-C61F27BBEBA2}.Debug|Any CPU.Build.0 = Debug|Any CPU
		{696ED794-189B-4F10-8790-C61F27BBEBA2}.Debug|x64.ActiveCfg = Debug|x64
		{696ED794-189B-4F10-8790-C61F27BBEBA2}.Debug|x64.Build.0 = Debug|x64
		{696ED794-189B-4F10-8790-C61F27BBEBA2}.Release|Any CPU.ActiveCfg = Release|Any CPU
		{696ED794-189B-4F10-8790-C61F27BBEBA2}.Release|Any CPU.Build.0 = Release|Any CPU
		{696ED794-189B-4F10-8790-C61F27BBEBA2}.Release|x64.ActiveCfg = Release|x64
		{696ED794-189B-4F10-8790-C61F27BBEBA2}.Release|x64.Build.0 = Release|x64
		{DF773209-5797-4581-B299-BC57D29189E3}.Debug|Any CPU.ActiveCfg = Debug|Any CPU
		{DF773209-5797-4581-B299-BC57D29189E3}.Debug|Any CPU.Build.0 = Debug|Any CPU
		{DF773209-5797-4581-B299-BC57D29189E3}.Debug|x64.ActiveCfg = Debug|x64
		{DF773209-5797-4581-B299-BC57D29189E3}.Debug|x64.Build.0 = Debug|x64
		{DF773209-5797-4581-B299-BC57D29189E3}.Release|Any CPU.ActiveCfg = Release|Any CPU
		{DF773209-5797-4581-B299-BC57D29189E3}.Release|Any CPU.Build.0 = Release|Any CPU
		{DF773209-5797-4581-B299-BC57D29189E3}.Release|x64.ActiveCfg = Release|x64
		{DF773209-5797-4581-B299-BC57D29189E3}.Release|x64.Build.0 = Release|x64
		{D8DE7147-DA82-4FD4-BD19-C4D1C9E008BD}.Debug|Any CPU.ActiveCfg = Debug|Any CPU
		{D8DE7147-DA82-4FD4-BD19-C4D1C9E008BD}.Debug|Any CPU.Build.0 = Debug|Any CPU
		{D8DE7147-DA82-4FD4-BD19-C4D1C9E008BD}.Debug|x64.ActiveCfg = Debug|x64
		{D8DE7147-DA82-4FD4-BD19-C4D1C9E008BD}.Debug|x64.Build.0 = Debug|x64
		{D8DE7147-DA82-4FD4-BD19-C4D1C9E008BD}.Release|Any CPU.ActiveCfg = Release|Any CPU
		{D8DE7147-DA82-4FD4-BD19-C4D1C9E008BD}.Release|Any CPU.Build.0 = Release|Any CPU
		{D8DE7147-DA82-4FD4-BD19-C4D1C9E008BD}.Release|x64.ActiveCfg = Release|x64
		{D8DE7147-DA82-4FD4-BD19-C4D1C9E008BD}.Release|x64.Build.0 = Release|x64
		{506B2309-0599-4C0C-9F42-D5F1DD72A159}.Debug|Any CPU.ActiveCfg = Debug|Any CPU
		{506B2309-0599-4C0C-9F42-D5F1DD72A159}.Debug|Any CPU.Build.0 = Debug|Any CPU
		{506B2309-0599-4C0C-9F42-D5F1DD72A159}.Debug|x64.ActiveCfg = Debug|x64
		{506B2309-0599-4C0C-9F42-D5F1DD72A159}.Debug|x64.Build.0 = Debug|x64
		{506B2309-0599-4C0C-9F42-D5F1DD72A159}.Release|Any CPU.ActiveCfg = Release|Any CPU
		{506B2309-0599-4C0C-9F42-D5F1DD72A159}.Release|Any CPU.Build.0 = Release|Any CPU
		{506B2309-0599-4C0C-9F42-D5F1DD72A159}.Release|x64.ActiveCfg = Release|x64
		{506B2309-0599-4C0C-9F42-D5F1DD72A159}.Release|x64.Build.0 = Release|x64
		{B5439915-2590-435F-A522-6E1CCD094C4D}.Debug|Any CPU.ActiveCfg = Debug|Any CPU
		{B5439915-2590-435F-A522-6E1CCD094C4D}.Debug|Any CPU.Build.0 = Debug|Any CPU
		{B5439915-2590-435F-A522-6E1CCD094C4D}.Debug|x64.ActiveCfg = Debug|x64
		{B5439915-2590-435F-A522-6E1CCD094C4D}.Debug|x64.Build.0 = Debug|x64
		{B5439915-2590-435F-A522-6E1CCD094C4D}.Release|Any CPU.ActiveCfg = Release|Any CPU
		{B5439915-2590-435F-A522-6E1CCD094C4D}.Release|Any CPU.Build.0 = Release|Any CPU
		{B5439915-2590-435F-A522-6E1CCD094C4D}.Release|x64.ActiveCfg = Release|x64
		{B5439915-2590-435F-A522-6E1CCD094C4D}.Release|x64.Build.0 = Release|x64
		{5188A3D3-CAAC-4A3E-AE2F-04C9E10C4CCD}.Debug|Any CPU.ActiveCfg = Debug|Any CPU
		{5188A3D3-CAAC-4A3E-AE2F-04C9E10C4CCD}.Debug|Any CPU.Build.0 = Debug|Any CPU
		{5188A3D3-CAAC-4A3E-AE2F-04C9E10C4CCD}.Debug|x64.ActiveCfg = Debug|Any CPU
		{5188A3D3-CAAC-4A3E-AE2F-04C9E10C4CCD}.Debug|x64.Build.0 = Debug|Any CPU
		{5188A3D3-CAAC-4A3E-AE2F-04C9E10C4CCD}.Release|Any CPU.ActiveCfg = Release|Any CPU
		{5188A3D3-CAAC-4A3E-AE2F-04C9E10C4CCD}.Release|Any CPU.Build.0 = Release|Any CPU
		{5188A3D3-CAAC-4A3E-AE2F-04C9E10C4CCD}.Release|x64.ActiveCfg = Release|Any CPU
		{5188A3D3-CAAC-4A3E-AE2F-04C9E10C4CCD}.Release|x64.Build.0 = Release|Any CPU
		{E25E7AF3-C307-47A7-85C0-690B87A8AAE2}.Debug|Any CPU.ActiveCfg = Debug|Any CPU
		{E25E7AF3-C307-47A7-85C0-690B87A8AAE2}.Debug|Any CPU.Build.0 = Debug|Any CPU
		{E25E7AF3-C307-47A7-85C0-690B87A8AAE2}.Debug|x64.ActiveCfg = Debug|Any CPU
		{E25E7AF3-C307-47A7-85C0-690B87A8AAE2}.Debug|x64.Build.0 = Debug|Any CPU
		{E25E7AF3-C307-47A7-85C0-690B87A8AAE2}.Release|Any CPU.ActiveCfg = Release|Any CPU
		{E25E7AF3-C307-47A7-85C0-690B87A8AAE2}.Release|Any CPU.Build.0 = Release|Any CPU
		{E25E7AF3-C307-47A7-85C0-690B87A8AAE2}.Release|x64.ActiveCfg = Release|Any CPU
		{E25E7AF3-C307-47A7-85C0-690B87A8AAE2}.Release|x64.Build.0 = Release|Any CPU
		{FEC45AFF-8001-4ACC-92F4-3CD06B89949A}.Debug|Any CPU.ActiveCfg = Debug|Any CPU
		{FEC45AFF-8001-4ACC-92F4-3CD06B89949A}.Debug|Any CPU.Build.0 = Debug|Any CPU
		{FEC45AFF-8001-4ACC-92F4-3CD06B89949A}.Debug|x64.ActiveCfg = Debug|Any CPU
		{FEC45AFF-8001-4ACC-92F4-3CD06B89949A}.Debug|x64.Build.0 = Debug|Any CPU
		{FEC45AFF-8001-4ACC-92F4-3CD06B89949A}.Release|Any CPU.ActiveCfg = Release|Any CPU
		{FEC45AFF-8001-4ACC-92F4-3CD06B89949A}.Release|Any CPU.Build.0 = Release|Any CPU
		{FEC45AFF-8001-4ACC-92F4-3CD06B89949A}.Release|x64.ActiveCfg = Release|Any CPU
		{FEC45AFF-8001-4ACC-92F4-3CD06B89949A}.Release|x64.Build.0 = Release|Any CPU
		{3CB5F0C1-9638-4611-9CF8-ADAD9B5CD73A}.Debug|Any CPU.ActiveCfg = Debug|Any CPU
		{3CB5F0C1-9638-4611-9CF8-ADAD9B5CD73A}.Debug|Any CPU.Build.0 = Debug|Any CPU
		{3CB5F0C1-9638-4611-9CF8-ADAD9B5CD73A}.Debug|x64.ActiveCfg = Debug|Any CPU
		{3CB5F0C1-9638-4611-9CF8-ADAD9B5CD73A}.Debug|x64.Build.0 = Debug|Any CPU
		{3CB5F0C1-9638-4611-9CF8-ADAD9B5CD73A}.Release|Any CPU.ActiveCfg = Release|Any CPU
		{3CB5F0C1-9638-4611-9CF8-ADAD9B5CD73A}.Release|Any CPU.Build.0 = Release|Any CPU
		{3CB5F0C1-9638-4611-9CF8-ADAD9B5CD73A}.Release|x64.ActiveCfg = Release|Any CPU
		{3CB5F0C1-9638-4611-9CF8-ADAD9B5CD73A}.Release|x64.Build.0 = Release|Any CPU
		{F00EC180-E2BC-4CC3-9BC1-57CC51A49B7F}.Debug|Any CPU.ActiveCfg = Debug|Any CPU
		{F00EC180-E2BC-4CC3-9BC1-57CC51A49B7F}.Debug|Any CPU.Build.0 = Debug|Any CPU
		{F00EC180-E2BC-4CC3-9BC1-57CC51A49B7F}.Debug|x64.ActiveCfg = Debug|Any CPU
		{F00EC180-E2BC-4CC3-9BC1-57CC51A49B7F}.Debug|x64.Build.0 = Debug|Any CPU
		{F00EC180-E2BC-4CC3-9BC1-57CC51A49B7F}.Release|Any CPU.ActiveCfg = Release|Any CPU
		{F00EC180-E2BC-4CC3-9BC1-57CC51A49B7F}.Release|Any CPU.Build.0 = Release|Any CPU
		{F00EC180-E2BC-4CC3-9BC1-57CC51A49B7F}.Release|x64.ActiveCfg = Release|Any CPU
		{F00EC180-E2BC-4CC3-9BC1-57CC51A49B7F}.Release|x64.Build.0 = Release|Any CPU
		{4652887D-ACE6-49AF-8AC4-EB13242B1BBA}.Debug|Any CPU.ActiveCfg = Debug|Any CPU
		{4652887D-ACE6-49AF-8AC4-EB13242B1BBA}.Debug|Any CPU.Build.0 = Debug|Any CPU
		{4652887D-ACE6-49AF-8AC4-EB13242B1BBA}.Debug|x64.ActiveCfg = Debug|Any CPU
		{4652887D-ACE6-49AF-8AC4-EB13242B1BBA}.Debug|x64.Build.0 = Debug|Any CPU
		{4652887D-ACE6-49AF-8AC4-EB13242B1BBA}.Release|Any CPU.ActiveCfg = Release|Any CPU
		{4652887D-ACE6-49AF-8AC4-EB13242B1BBA}.Release|Any CPU.Build.0 = Release|Any CPU
		{4652887D-ACE6-49AF-8AC4-EB13242B1BBA}.Release|x64.ActiveCfg = Release|Any CPU
		{4652887D-ACE6-49AF-8AC4-EB13242B1BBA}.Release|x64.Build.0 = Release|Any CPU
		{5DD3AD2F-28EC-4FB2-B6BC-25E741D3B796}.Debug|Any CPU.ActiveCfg = Debug|Any CPU
		{5DD3AD2F-28EC-4FB2-B6BC-25E741D3B796}.Debug|Any CPU.Build.0 = Debug|Any CPU
		{5DD3AD2F-28EC-4FB2-B6BC-25E741D3B796}.Debug|x64.ActiveCfg = Debug|Any CPU
		{5DD3AD2F-28EC-4FB2-B6BC-25E741D3B796}.Debug|x64.Build.0 = Debug|Any CPU
		{5DD3AD2F-28EC-4FB2-B6BC-25E741D3B796}.Release|Any CPU.ActiveCfg = Release|Any CPU
		{5DD3AD2F-28EC-4FB2-B6BC-25E741D3B796}.Release|Any CPU.Build.0 = Release|Any CPU
		{5DD3AD2F-28EC-4FB2-B6BC-25E741D3B796}.Release|x64.ActiveCfg = Release|Any CPU
		{5DD3AD2F-28EC-4FB2-B6BC-25E741D3B796}.Release|x64.Build.0 = Release|Any CPU
		{D46EF48E-94F4-4717-9EF4-419EE3B43291}.Debug|Any CPU.ActiveCfg = Debug|Any CPU
		{D46EF48E-94F4-4717-9EF4-419EE3B43291}.Debug|Any CPU.Build.0 = Debug|Any CPU
		{D46EF48E-94F4-4717-9EF4-419EE3B43291}.Debug|x64.ActiveCfg = Debug|Any CPU
		{D46EF48E-94F4-4717-9EF4-419EE3B43291}.Debug|x64.Build.0 = Debug|Any CPU
		{D46EF48E-94F4-4717-9EF4-419EE3B43291}.Release|Any CPU.ActiveCfg = Release|Any CPU
		{D46EF48E-94F4-4717-9EF4-419EE3B43291}.Release|Any CPU.Build.0 = Release|Any CPU
		{D46EF48E-94F4-4717-9EF4-419EE3B43291}.Release|x64.ActiveCfg = Release|Any CPU
		{D46EF48E-94F4-4717-9EF4-419EE3B43291}.Release|x64.Build.0 = Release|Any CPU
		{A0E395F2-8C8D-4950-AB53-8EFE4A495328}.Debug|Any CPU.ActiveCfg = Debug|Any CPU
		{A0E395F2-8C8D-4950-AB53-8EFE4A495328}.Debug|Any CPU.Build.0 = Debug|Any CPU
		{A0E395F2-8C8D-4950-AB53-8EFE4A495328}.Debug|x64.ActiveCfg = Debug|Any CPU
		{A0E395F2-8C8D-4950-AB53-8EFE4A495328}.Debug|x64.Build.0 = Debug|Any CPU
		{A0E395F2-8C8D-4950-AB53-8EFE4A495328}.Release|Any CPU.ActiveCfg = Release|Any CPU
		{A0E395F2-8C8D-4950-AB53-8EFE4A495328}.Release|Any CPU.Build.0 = Release|Any CPU
		{A0E395F2-8C8D-4950-AB53-8EFE4A495328}.Release|x64.ActiveCfg = Release|Any CPU
		{A0E395F2-8C8D-4950-AB53-8EFE4A495328}.Release|x64.Build.0 = Release|Any CPU
		{3BB93653-5C02-4DE3-9C2C-99B4E5ACEFAB}.Debug|Any CPU.ActiveCfg = Debug|Any CPU
		{3BB93653-5C02-4DE3-9C2C-99B4E5ACEFAB}.Debug|Any CPU.Build.0 = Debug|Any CPU
		{3BB93653-5C02-4DE3-9C2C-99B4E5ACEFAB}.Debug|x64.ActiveCfg = Debug|Any CPU
		{3BB93653-5C02-4DE3-9C2C-99B4E5ACEFAB}.Debug|x64.Build.0 = Debug|Any CPU
		{3BB93653-5C02-4DE3-9C2C-99B4E5ACEFAB}.Release|Any CPU.ActiveCfg = Release|Any CPU
		{3BB93653-5C02-4DE3-9C2C-99B4E5ACEFAB}.Release|Any CPU.Build.0 = Release|Any CPU
		{3BB93653-5C02-4DE3-9C2C-99B4E5ACEFAB}.Release|x64.ActiveCfg = Release|Any CPU
		{3BB93653-5C02-4DE3-9C2C-99B4E5ACEFAB}.Release|x64.Build.0 = Release|Any CPU
		{178D98FE-7C9E-4619-BFD7-4B2B3C89DFF9}.Debug|Any CPU.ActiveCfg = Debug|Any CPU
		{178D98FE-7C9E-4619-BFD7-4B2B3C89DFF9}.Debug|Any CPU.Build.0 = Debug|Any CPU
		{178D98FE-7C9E-4619-BFD7-4B2B3C89DFF9}.Debug|x64.ActiveCfg = Debug|Any CPU
		{178D98FE-7C9E-4619-BFD7-4B2B3C89DFF9}.Debug|x64.Build.0 = Debug|Any CPU
		{178D98FE-7C9E-4619-BFD7-4B2B3C89DFF9}.Release|Any CPU.ActiveCfg = Release|Any CPU
		{178D98FE-7C9E-4619-BFD7-4B2B3C89DFF9}.Release|Any CPU.Build.0 = Release|Any CPU
		{178D98FE-7C9E-4619-BFD7-4B2B3C89DFF9}.Release|x64.ActiveCfg = Release|Any CPU
		{178D98FE-7C9E-4619-BFD7-4B2B3C89DFF9}.Release|x64.Build.0 = Release|Any CPU
		{42078D1E-000A-49E0-A57C-4E3A4C26B4CB}.Debug|Any CPU.ActiveCfg = Debug|Any CPU
		{42078D1E-000A-49E0-A57C-4E3A4C26B4CB}.Debug|Any CPU.Build.0 = Debug|Any CPU
		{42078D1E-000A-49E0-A57C-4E3A4C26B4CB}.Debug|x64.ActiveCfg = Debug|Any CPU
		{42078D1E-000A-49E0-A57C-4E3A4C26B4CB}.Debug|x64.Build.0 = Debug|Any CPU
		{42078D1E-000A-49E0-A57C-4E3A4C26B4CB}.Release|Any CPU.ActiveCfg = Release|Any CPU
		{42078D1E-000A-49E0-A57C-4E3A4C26B4CB}.Release|Any CPU.Build.0 = Release|Any CPU
		{42078D1E-000A-49E0-A57C-4E3A4C26B4CB}.Release|x64.ActiveCfg = Release|Any CPU
		{42078D1E-000A-49E0-A57C-4E3A4C26B4CB}.Release|x64.Build.0 = Release|Any CPU
		{FA7BD130-7B01-4682-BEB4-52D2D9D6F804}.Debug|Any CPU.ActiveCfg = Debug|Any CPU
		{FA7BD130-7B01-4682-BEB4-52D2D9D6F804}.Debug|Any CPU.Build.0 = Debug|Any CPU
		{FA7BD130-7B01-4682-BEB4-52D2D9D6F804}.Debug|x64.ActiveCfg = Debug|Any CPU
		{FA7BD130-7B01-4682-BEB4-52D2D9D6F804}.Debug|x64.Build.0 = Debug|Any CPU
		{FA7BD130-7B01-4682-BEB4-52D2D9D6F804}.Release|Any CPU.ActiveCfg = Release|Any CPU
		{FA7BD130-7B01-4682-BEB4-52D2D9D6F804}.Release|Any CPU.Build.0 = Release|Any CPU
		{FA7BD130-7B01-4682-BEB4-52D2D9D6F804}.Release|x64.ActiveCfg = Release|Any CPU
		{FA7BD130-7B01-4682-BEB4-52D2D9D6F804}.Release|x64.Build.0 = Release|Any CPU
		{FD0D6D7B-2CE4-4AE1-87AF-B203E2127753}.Debug|Any CPU.ActiveCfg = Debug|Any CPU
		{FD0D6D7B-2CE4-4AE1-87AF-B203E2127753}.Debug|Any CPU.Build.0 = Debug|Any CPU
		{FD0D6D7B-2CE4-4AE1-87AF-B203E2127753}.Debug|x64.ActiveCfg = Debug|Any CPU
		{FD0D6D7B-2CE4-4AE1-87AF-B203E2127753}.Debug|x64.Build.0 = Debug|Any CPU
		{FD0D6D7B-2CE4-4AE1-87AF-B203E2127753}.Release|Any CPU.ActiveCfg = Release|Any CPU
		{FD0D6D7B-2CE4-4AE1-87AF-B203E2127753}.Release|Any CPU.Build.0 = Release|Any CPU
		{FD0D6D7B-2CE4-4AE1-87AF-B203E2127753}.Release|x64.ActiveCfg = Release|Any CPU
		{FD0D6D7B-2CE4-4AE1-87AF-B203E2127753}.Release|x64.Build.0 = Release|Any CPU
		{59D5098F-9353-4730-839D-199B9595641E}.Debug|Any CPU.ActiveCfg = Debug|Any CPU
		{59D5098F-9353-4730-839D-199B9595641E}.Debug|Any CPU.Build.0 = Debug|Any CPU
		{59D5098F-9353-4730-839D-199B9595641E}.Debug|x64.ActiveCfg = Debug|Any CPU
		{59D5098F-9353-4730-839D-199B9595641E}.Debug|x64.Build.0 = Debug|Any CPU
		{59D5098F-9353-4730-839D-199B9595641E}.Release|Any CPU.ActiveCfg = Release|Any CPU
		{59D5098F-9353-4730-839D-199B9595641E}.Release|Any CPU.Build.0 = Release|Any CPU
		{59D5098F-9353-4730-839D-199B9595641E}.Release|x64.ActiveCfg = Release|Any CPU
		{59D5098F-9353-4730-839D-199B9595641E}.Release|x64.Build.0 = Release|Any CPU
	EndGlobalSection
	GlobalSection(SolutionProperties) = preSolution
		HideSolutionNode = FALSE
	EndGlobalSection
	GlobalSection(NestedProjects) = preSolution
		{C75532C4-765B-418E-B09B-46D36B2ABDB1} = {F02D5508-DB8B-47E1-B202-35B8C6C1744A}
		{245E07F6-10D5-4CFA-B003-0DEB06B223DA} = {91DA877F-E437-42C9-8FE5-E3709721BB8B}
		{4ED4FDB5-9FD0-49E6-876D-1635F727C755} = {91DA877F-E437-42C9-8FE5-E3709721BB8B}
		{719F0F69-66DA-438D-B5BB-2D883EF4ACE2} = {91DA877F-E437-42C9-8FE5-E3709721BB8B}
		{01B09009-BD30-47F2-B318-4B583D606C61} = {91DA877F-E437-42C9-8FE5-E3709721BB8B}
		{007D4AC8-948F-4816-86AD-B9D1343672C1} = {91DA877F-E437-42C9-8FE5-E3709721BB8B}
		{91DA877F-E437-42C9-8FE5-E3709721BB8B} = {F02D5508-DB8B-47E1-B202-35B8C6C1744A}
		{B51EC09A-F8BE-4B5A-BD07-0F4489075A00} = {91DA877F-E437-42C9-8FE5-E3709721BB8B}
		{F02D5508-DB8B-47E1-B202-35B8C6C1744A} = {7CC1B5B0-3F0C-4719-A936-AE809DC46DB2}
		{0C35437B-14B5-4F46-8FB6-34EB59479C3D} = {02F006E5-5E73-4A76-836D-2384F34F47E6}
		{D8641DB7-E514-4BEA-B694-DE01E26D82F2} = {7CC1B5B0-3F0C-4719-A936-AE809DC46DB2}
		{AFDF8BCE-B55E-4C28-BC4B-23DD3CC61D62} = {02F006E5-5E73-4A76-836D-2384F34F47E6}
		{CC52AA97-5749-407A-913F-67732187D1CA} = {48EA220B-93D3-44DF-A2D3-ADBA68A002CD}
		{3935C4D7-6F45-4CFD-8E62-4A4B45231507} = {48EA220B-93D3-44DF-A2D3-ADBA68A002CD}
		{B45FF8DC-3118-45ED-AD64-9A7D11A6DF42} = {48EA220B-93D3-44DF-A2D3-ADBA68A002CD}
		{B4FFA451-8868-4900-89D3-659C76FD12E7} = {02F006E5-5E73-4A76-836D-2384F34F47E6}
		{B05702B0-F857-4030-A21A-6594538597C9} = {02F006E5-5E73-4A76-836D-2384F34F47E6}
		{A94A5908-1C55-45F9-B162-9BF2549AEBAA} = {5168DD99-C8CB-4A51-93DF-4BE41245D8EF}
		{9D44073E-4FF9-43FF-A7D3-83102EC44E83} = {48EA220B-93D3-44DF-A2D3-ADBA68A002CD}
		{E9BD6AA9-0431-4F55-BAA1-E46895203379} = {48EA220B-93D3-44DF-A2D3-ADBA68A002CD}
		{DD07BF4F-F0D2-494D-8086-3458457E3504} = {02F006E5-5E73-4A76-836D-2384F34F47E6}
		{D8DE7147-DA82-4FD4-BD19-C4D1C9E008BD} = {02F006E5-5E73-4A76-836D-2384F34F47E6}
		{506B2309-0599-4C0C-9F42-D5F1DD72A159} = {5168DD99-C8CB-4A51-93DF-4BE41245D8EF}
		{B5439915-2590-435F-A522-6E1CCD094C4D} = {02F006E5-5E73-4A76-836D-2384F34F47E6}
		{5188A3D3-CAAC-4A3E-AE2F-04C9E10C4CCD} = {02F006E5-5E73-4A76-836D-2384F34F47E6}
		{E25E7AF3-C307-47A7-85C0-690B87A8AAE2} = {02F006E5-5E73-4A76-836D-2384F34F47E6}
		{FEC45AFF-8001-4ACC-92F4-3CD06B89949A} = {02F006E5-5E73-4A76-836D-2384F34F47E6}
		{3CB5F0C1-9638-4611-9CF8-ADAD9B5CD73A} = {5168DD99-C8CB-4A51-93DF-4BE41245D8EF}
		{F00EC180-E2BC-4CC3-9BC1-57CC51A49B7F} = {02F006E5-5E73-4A76-836D-2384F34F47E6}
		{4652887D-ACE6-49AF-8AC4-EB13242B1BBA} = {02F006E5-5E73-4A76-836D-2384F34F47E6}
		{D46EF48E-94F4-4717-9EF4-419EE3B43291} = {02F006E5-5E73-4A76-836D-2384F34F47E6}
		{178D98FE-7C9E-4619-BFD7-4B2B3C89DFF9} = {02F006E5-5E73-4A76-836D-2384F34F47E6}
		{42078D1E-000A-49E0-A57C-4E3A4C26B4CB} = {02F006E5-5E73-4A76-836D-2384F34F47E6}
		{FA7BD130-7B01-4682-BEB4-52D2D9D6F804} = {5168DD99-C8CB-4A51-93DF-4BE41245D8EF}
		{FD0D6D7B-2CE4-4AE1-87AF-B203E2127753} = {02F006E5-5E73-4A76-836D-2384F34F47E6}
		{59D5098F-9353-4730-839D-199B9595641E} = {02F006E5-5E73-4A76-836D-2384F34F47E6}
	EndGlobalSection
	GlobalSection(ExtensibilityGlobals) = postSolution
		SolutionGuid = {DC9B8990-422B-40EC-B51C-5F63F52A37BD}
	EndGlobalSection
EndGlobal
